
Microsoft Visual Studio Solution File, Format Version 12.00
# Visual Studio Version 16
VisualStudioVersion = 16.0.28407.52
MinimumVisualStudioVersion = 10.0.40219.1
Project("{FAE04EC0-301F-11D3-BF4B-00C04F79EFBC}") = "FetchXMLBuilder", "FetchXmlBuilder\FetchXMLBuilder.csproj", "{D746CBE7-7787-47FC-B773-F089A44DF8C9}"
EndProject
Project("{FAE04EC0-301F-11D3-BF4B-00C04F79EFBC}") = "XmlEditorUtils", "XmlEditorUtils\XmlEditorUtils.csproj", "{9FC7BDF7-321C-4B96-9B70-D75A16BD7685}"
EndProject
Project("{2150E333-8FDC-42A3-9474-1A3956D46DE8}") = "Solution Items", "Solution Items", "{13AB47EF-2E67-4179-876C-88816794849B}"
	ProjectSection(SolutionItems) = preProject
		FetchXMLBuilder.nuspec = FetchXMLBuilder.nuspec
	EndProjectSection
EndProject
Project("{FAE04EC0-301F-11D3-BF4B-00C04F79EFBC}") = "FXBTests", "FXBTests\FXBTests.csproj", "{8F32EF58-AC53-49DE-957B-102D78368377}"
EndProject
Global
	GlobalSection(SolutionConfigurationPlatforms) = preSolution
		Debug|Any CPU = Debug|Any CPU
		Release|Any CPU = Release|Any CPU
	EndGlobalSection
	GlobalSection(ProjectConfigurationPlatforms) = postSolution
		{D746CBE7-7787-47FC-B773-F089A44DF8C9}.Debug|Any CPU.ActiveCfg = Debug|Any CPU
		{D746CBE7-7787-47FC-B773-F089A44DF8C9}.Debug|Any CPU.Build.0 = Debug|Any CPU
		{D746CBE7-7787-47FC-B773-F089A44DF8C9}.Release|Any CPU.ActiveCfg = Release|Any CPU
		{D746CBE7-7787-47FC-B773-F089A44DF8C9}.Release|Any CPU.Build.0 = Release|Any CPU
		{9FC7BDF7-321C-4B96-9B70-D75A16BD7685}.Debug|Any CPU.ActiveCfg = Debug|Any CPU
		{9FC7BDF7-321C-4B96-9B70-D75A16BD7685}.Debug|Any CPU.Build.0 = Debug|Any CPU
		{9FC7BDF7-321C-4B96-9B70-D75A16BD7685}.Release|Any CPU.ActiveCfg = Release|Any CPU
		{9FC7BDF7-321C-4B96-9B70-D75A16BD7685}.Release|Any CPU.Build.0 = Release|Any CPU
		{8F32EF58-AC53-49DE-957B-102D78368377}.Debug|Any CPU.ActiveCfg = Debug|Any CPU
		{8F32EF58-AC53-49DE-957B-102D78368377}.Debug|Any CPU.Build.0 = Debug|Any CPU
		{8F32EF58-AC53-49DE-957B-102D78368377}.Release|Any CPU.ActiveCfg = Release|Any CPU
		{8F32EF58-AC53-49DE-957B-102D78368377}.Release|Any CPU.Build.0 = Release|Any CPU
	EndGlobalSection
	GlobalSection(SolutionProperties) = preSolution
		HideSolutionNode = FALSE
	EndGlobalSection
	GlobalSection(ExtensibilityGlobals) = postSolution
		SolutionGuid = {BB94D8EC-E778-4D0A-BE34-CBE2342DB0F3}
	EndGlobalSection
EndGlobal
