
Microsoft Visual Studio Solution File, Format Version 12.00
# Visual Studio 14
VisualStudioVersion = 14.0.24720.0
MinimumVisualStudioVersion = 10.0.40219.1
Project("{FAE04EC0-301F-11D3-BF4B-00C04F79EFBC}") = "FetchXmlBuilder", "FetchXmlBuilder\FetchXmlBuilder.csproj", "{D746CBE7-7787-47FC-B773-F089A44DF8C9}"
EndProject
Project("{FAE04EC0-301F-11D3-BF4B-00C04F79EFBC}") = "XmlEditorUtils", "XmlEditorUtils\XmlEditorUtils.csproj", "{9FC7BDF7-321C-4B96-9B70-D75A16BD7685}"
EndProject
Project("{FAE04EC0-301F-11D3-BF4B-00C04F79EFBC}") = "CRMWinForm", "CRMForWinForm\CRMWinForm.csproj", "{5BBECE21-558F-48C5-9DA2-FA104299DC67}"
EndProject
Global
	GlobalSection(SolutionConfigurationPlatforms) = preSolution
		Debug All Cinteros XTB|Any CPU = Debug All Cinteros XTB|Any CPU
		Debug Without GemBox|Any CPU = Debug Without GemBox|Any CPU
		Debug|Any CPU = Debug|Any CPU
		Release|Any CPU = Release|Any CPU
	EndGlobalSection
	GlobalSection(ProjectConfigurationPlatforms) = postSolution
		{D746CBE7-7787-47FC-B773-F089A44DF8C9}.Debug All Cinteros XTB|Any CPU.ActiveCfg = Debug All Cinteros XTB|Any CPU
		{D746CBE7-7787-47FC-B773-F089A44DF8C9}.Debug All Cinteros XTB|Any CPU.Build.0 = Debug All Cinteros XTB|Any CPU
		{D746CBE7-7787-47FC-B773-F089A44DF8C9}.Debug Without GemBox|Any CPU.ActiveCfg = Debug|Any CPU
		{D746CBE7-7787-47FC-B773-F089A44DF8C9}.Debug Without GemBox|Any CPU.Build.0 = Debug|Any CPU
		{D746CBE7-7787-47FC-B773-F089A44DF8C9}.Debug|Any CPU.ActiveCfg = Debug|Any CPU
		{D746CBE7-7787-47FC-B773-F089A44DF8C9}.Debug|Any CPU.Build.0 = Debug|Any CPU
		{D746CBE7-7787-47FC-B773-F089A44DF8C9}.Release|Any CPU.ActiveCfg = Release|Any CPU
		{D746CBE7-7787-47FC-B773-F089A44DF8C9}.Release|Any CPU.Build.0 = Release|Any CPU
		{9FC7BDF7-321C-4B96-9B70-D75A16BD7685}.Debug All Cinteros XTB|Any CPU.ActiveCfg = Debug All Cinteros XTB|Any CPU
		{9FC7BDF7-321C-4B96-9B70-D75A16BD7685}.Debug All Cinteros XTB|Any CPU.Build.0 = Debug All Cinteros XTB|Any CPU
		{9FC7BDF7-321C-4B96-9B70-D75A16BD7685}.Debug Without GemBox|Any CPU.ActiveCfg = Debug|Any CPU
		{9FC7BDF7-321C-4B96-9B70-D75A16BD7685}.Debug Without GemBox|Any CPU.Build.0 = Debug|Any CPU
		{9FC7BDF7-321C-4B96-9B70-D75A16BD7685}.Debug|Any CPU.ActiveCfg = Debug|Any CPU
		{9FC7BDF7-321C-4B96-9B70-D75A16BD7685}.Debug|Any CPU.Build.0 = Debug|Any CPU
		{9FC7BDF7-321C-4B96-9B70-D75A16BD7685}.Release|Any CPU.ActiveCfg = Release|Any CPU
		{9FC7BDF7-321C-4B96-9B70-D75A16BD7685}.Release|Any CPU.Build.0 = Release|Any CPU
		{5BBECE21-558F-48C5-9DA2-FA104299DC67}.Debug All Cinteros XTB|Any CPU.ActiveCfg = Debug|Any CPU
		{5BBECE21-558F-48C5-9DA2-FA104299DC67}.Debug All Cinteros XTB|Any CPU.Build.0 = Debug|Any CPU
		{5BBECE21-558F-48C5-9DA2-FA104299DC67}.Debug Without GemBox|Any CPU.ActiveCfg = Debug|Any CPU
		{5BBECE21-558F-48C5-9DA2-FA104299DC67}.Debug Without GemBox|Any CPU.Build.0 = Debug|Any CPU
		{5BBECE21-558F-48C5-9DA2-FA104299DC67}.Debug|Any CPU.ActiveCfg = Debug|Any CPU
		{5BBECE21-558F-48C5-9DA2-FA104299DC67}.Debug|Any CPU.Build.0 = Debug|Any CPU
		{5BBECE21-558F-48C5-9DA2-FA104299DC67}.Release|Any CPU.ActiveCfg = Release|Any CPU
		{5BBECE21-558F-48C5-9DA2-FA104299DC67}.Release|Any CPU.Build.0 = Release|Any CPU
	EndGlobalSection
	GlobalSection(SolutionProperties) = preSolution
		HideSolutionNode = FALSE
	EndGlobalSection
EndGlobal
